PODS:
  - Analytics (3.6.0)
  - ComScore (5.2.0)
  - Expecta (1.0.5)
  - OCHamcrest (6.1.0)
  - OCMockito (4.1.0):
    - OCHamcrest (~> 6.0)
  - Segment-ComScore (1.0.2):
    - Analytics (~> 3.6)
    - ComScore (~> 5.0)
  - Specta (1.0.6)

DEPENDENCIES:
  - Expecta
  - OCMockito
  - Segment-ComScore (from `../`)
  - Specta

EXTERNAL SOURCES:
  Segment-ComScore:
    :path: "../"

SPEC CHECKSUMS:
  Analytics: 15be3e651d22cc811f44df65698538236676437b
  ComScore: e07f1c714bc925dd7bbac1f37c4312a9891581a3
  Expecta: e1c022fcd33910b6be89c291d2775b3fe27a89fe
  OCHamcrest: f60ede0edfb4e79aafcc4a62c93bfd23d96cbf53
  OCMockito: bceefcd365252bcdf8b59c1b2bd23890805fc0d8
  Segment-ComScore: 89d5696d372f9a8b47e5fb157b6b751fff875dd6
  Specta: f506f3a8361de16bc0dcf3b17b75e269072ba465

PODFILE CHECKSUM: 3db90b168d0faed6d4fbdd1020e3256faaedab5a

COCOAPODS: 1.2.0
